
Microsoft Visual Studio Solution File, Format Version 12.00
# Visual Studio Version 17
VisualStudioVersion = 17.6.33712.159
MinimumVisualStudioVersion = 10.0.40219.1
Project("{888888A0-9F3D-457C-B088-3A5042F75D52}") = "PythonAutoClick", "PythonAutoClick\PythonAutoClick.pyproj", "{06763B03-D42D-41F8-9C6E-0569F613E71F}"
EndProject
Global
	GlobalSection(SolutionConfigurationPlatforms) = preSolution
		Debug|Any CPU = Debug|Any CPU
		Release|Any CPU = Release|Any CPU
	EndGlobalSection
	GlobalSection(ProjectConfigurationPlatforms) = postSolution
		{06763B03-D42D-41F8-9C6E-0569F613E71F}.Debug|Any CPU.ActiveCfg = Debug|Any CPU
		{06763B03-D42D-41F8-9C6E-0569F613E71F}.Release|Any CPU.ActiveCfg = Release|Any CPU
	EndGlobalSection
	GlobalSection(SolutionProperties) = preSolution
		HideSolutionNode = FALSE
	EndGlobalSection
	GlobalSection(ExtensibilityGlobals) = postSolution
		SolutionGuid = {DA3A1D2E-F2F7-476A-8EBD-A22112201792}
	EndGlobalSection
EndGlobal
